
Microsoft Visual Studio Solution File, Format Version 12.00
# Visual Studio Version 17
VisualStudioVersion = 17.0.31903.59
MinimumVisualStudioVersion = 10.0.40219.1
Project("{FAE04EC0-301F-11D3-BF4B-00C04F79EFBC}") = "Task#1", "Task#1\Task#1.csproj", "{053421EF-A0D9-4EBF-B2D5-E284E6924B17}"
EndProject
Project("{FAE04EC0-301F-11D3-BF4B-00C04F79EFBC}") = "Task#2", "Task#2\Task#2.csproj", "{B7350894-F74E-483F-B548-1F27B8F93E6A}"
EndProject
Project("{FAE04EC0-301F-11D3-BF4B-00C04F79EFBC}") = "Task#3", "Task#3\Task#3.csproj", "{11EA875A-F13A-4819-A7A6-10662AB0E1A9}"
EndProject
Project("{FAE04EC0-301F-11D3-BF4B-00C04F79EFBC}") = "Task#5", "Task#5\Task#5.csproj", "{42F55EC4-B5DB-4B63-AB1C-B90E1E41A069}"
EndProject
Project("{FAE04EC0-301F-11D3-BF4B-00C04F79EFBC}") = "Task#4", "Task#4\Task#4.csproj", "{D59BA41B-F2BE-4DD4-8245-033B310A39BB}"
EndProject
Project("{FAE04EC0-301F-11D3-BF4B-00C04F79EFBC}") = "Task#6", "Task#6\Task#6.csproj", "{29415BAF-6F5F-4547-8132-AE6DF10AA9B3}"
EndProject
Project("{FAE04EC0-301F-11D3-BF4B-00C04F79EFBC}") = "Task#7", "Task#7\Task#7.csproj", "{2A3FA347-85B2-4B8B-8065-784101945B80}"
EndProject
Project("{FAE04EC0-301F-11D3-BF4B-00C04F79EFBC}") = "Task#8", "Task#8\Task#8.csproj", "{84289C0C-3CFF-4F21-B236-61F232183AEF}"
EndProject
Project("{FAE04EC0-301F-11D3-BF4B-00C04F79EFBC}") = "Task#9", "Task#9\Task#9.csproj", "{280A447A-18A7-4E7E-87DE-051929BD0569}"
EndProject
Project("{FAE04EC0-301F-11D3-BF4B-00C04F79EFBC}") = "Task#10", "Task#10\Task#10.csproj", "{A31D5065-5180-45B7-B151-520330C0C101}"
EndProject
Global
	GlobalSection(SolutionConfigurationPlatforms) = preSolution
		Debug|Any CPU = Debug|Any CPU
		Debug|x64 = Debug|x64
		Debug|x86 = Debug|x86
		Release|Any CPU = Release|Any CPU
		Release|x64 = Release|x64
		Release|x86 = Release|x86
	EndGlobalSection
	GlobalSection(ProjectConfigurationPlatforms) = postSolution
		{053421EF-A0D9-4EBF-B2D5-E284E6924B17}.Debug|Any CPU.ActiveCfg = Debug|Any CPU
		{053421EF-A0D9-4EBF-B2D5-E284E6924B17}.Debug|Any CPU.Build.0 = Debug|Any CPU
		{053421EF-A0D9-4EBF-B2D5-E284E6924B17}.Debug|x64.ActiveCfg = Debug|Any CPU
		{053421EF-A0D9-4EBF-B2D5-E284E6924B17}.Debug|x64.Build.0 = Debug|Any CPU
		{053421EF-A0D9-4EBF-B2D5-E284E6924B17}.Debug|x86.ActiveCfg = Debug|Any CPU
		{053421EF-A0D9-4EBF-B2D5-E284E6924B17}.Debug|x86.Build.0 = Debug|Any CPU
		{053421EF-A0D9-4EBF-B2D5-E284E6924B17}.Release|Any CPU.ActiveCfg = Release|Any CPU
		{053421EF-A0D9-4EBF-B2D5-E284E6924B17}.Release|Any CPU.Build.0 = Release|Any CPU
		{053421EF-A0D9-4EBF-B2D5-E284E6924B17}.Release|x64.ActiveCfg = Release|Any CPU
		{053421EF-A0D9-4EBF-B2D5-E284E6924B17}.Release|x64.Build.0 = Release|Any CPU
		{053421EF-A0D9-4EBF-B2D5-E284E6924B17}.Release|x86.ActiveCfg = Release|Any CPU
		{053421EF-A0D9-4EBF-B2D5-E284E6924B17}.Release|x86.Build.0 = Release|Any CPU
		{B7350894-F74E-483F-B548-1F27B8F93E6A}.Debug|Any CPU.ActiveCfg = Debug|Any CPU
		{B7350894-F74E-483F-B548-1F27B8F93E6A}.Debug|Any CPU.Build.0 = Debug|Any CPU
		{B7350894-F74E-483F-B548-1F27B8F93E6A}.Debug|x64.ActiveCfg = Debug|Any CPU
		{B7350894-F74E-483F-B548-1F27B8F93E6A}.Debug|x64.Build.0 = Debug|Any CPU
		{B7350894-F74E-483F-B548-1F27B8F93E6A}.Debug|x86.ActiveCfg = Debug|Any CPU
		{B7350894-F74E-483F-B548-1F27B8F93E6A}.Debug|x86.Build.0 = Debug|Any CPU
		{B7350894-F74E-483F-B548-1F27B8F93E6A}.Release|Any CPU.ActiveCfg = Release|Any CPU
		{B7350894-F74E-483F-B548-1F27B8F93E6A}.Release|Any CPU.Build.0 = Release|Any CPU
		{B7350894-F74E-483F-B548-1F27B8F93E6A}.Release|x64.ActiveCfg = Release|Any CPU
		{B7350894-F74E-483F-B548-1F27B8F93E6A}.Release|x64.Build.0 = Release|Any CPU
		{B7350894-F74E-483F-B548-1F27B8F93E6A}.Release|x86.ActiveCfg = Release|Any CPU
		{B7350894-F74E-483F-B548-1F27B8F93E6A}.Release|x86.Build.0 = Release|Any CPU
		{11EA875A-F13A-4819-A7A6-10662AB0E1A9}.Debug|Any CPU.ActiveCfg = Debug|Any CPU
		{11EA875A-F13A-4819-A7A6-10662AB0E1A9}.Debug|Any CPU.Build.0 = Debug|Any CPU
		{11EA875A-F13A-4819-A7A6-10662AB0E1A9}.Debug|x64.ActiveCfg = Debug|Any CPU
		{11EA875A-F13A-4819-A7A6-10662AB0E1A9}.Debug|x64.Build.0 = Debug|Any CPU
		{11EA875A-F13A-4819-A7A6-10662AB0E1A9}.Debug|x86.ActiveCfg = Debug|Any CPU
		{11EA875A-F13A-4819-A7A6-10662AB0E1A9}.Debug|x86.Build.0 = Debug|Any CPU
		{11EA875A-F13A-4819-A7A6-10662AB0E1A9}.Release|Any CPU.ActiveCfg = Release|Any CPU
		{11EA875A-F13A-4819-A7A6-10662AB0E1A9}.Release|Any CPU.Build.0 = Release|Any CPU
		{11EA875A-F13A-4819-A7A6-10662AB0E1A9}.Release|x64.ActiveCfg = Release|Any CPU
		{11EA875A-F13A-4819-A7A6-10662AB0E1A9}.Release|x64.Build.0 = Release|Any CPU
		{11EA875A-F13A-4819-A7A6-10662AB0E1A9}.Release|x86.ActiveCfg = Release|Any CPU
		{11EA875A-F13A-4819-A7A6-10662AB0E1A9}.Release|x86.Build.0 = Release|Any CPU
		{42F55EC4-B5DB-4B63-AB1C-B90E1E41A069}.Debug|Any CPU.ActiveCfg = Debug|Any CPU
		{42F55EC4-B5DB-4B63-AB1C-B90E1E41A069}.Debug|Any CPU.Build.0 = Debug|Any CPU
		{42F55EC4-B5DB-4B63-AB1C-B90E1E41A069}.Debug|x64.ActiveCfg = Debug|Any CPU
		{42F55EC4-B5DB-4B63-AB1C-B90E1E41A069}.Debug|x64.Build.0 = Debug|Any CPU
		{42F55EC4-B5DB-4B63-AB1C-B90E1E41A069}.Debug|x86.ActiveCfg = Debug|Any CPU
		{42F55EC4-B5DB-4B63-AB1C-B90E1E41A069}.Debug|x86.Build.0 = Debug|Any CPU
		{42F55EC4-B5DB-4B63-AB1C-B90E1E41A069}.Release|Any CPU.ActiveCfg = Release|Any CPU
		{42F55EC4-B5DB-4B63-AB1C-B90E1E41A069}.Release|Any CPU.Build.0 = Release|Any CPU
		{42F55EC4-B5DB-4B63-AB1C-B90E1E41A069}.Release|x64.ActiveCfg = Release|Any CPU
		{42F55EC4-B5DB-4B63-AB1C-B90E1E41A069}.Release|x64.Build.0 = Release|Any CPU
		{42F55EC4-B5DB-4B63-AB1C-B90E1E41A069}.Release|x86.ActiveCfg = Release|Any CPU
		{42F55EC4-B5DB-4B63-AB1C-B90E1E41A069}.Release|x86.Build.0 = Release|Any CPU
		{D59BA41B-F2BE-4DD4-8245-033B310A39BB}.Debug|Any CPU.ActiveCfg = Debug|Any CPU
		{D59BA41B-F2BE-4DD4-8245-033B310A39BB}.Debug|Any CPU.Build.0 = Debug|Any CPU
		{D59BA41B-F2BE-4DD4-8245-033B310A39BB}.Debug|x64.ActiveCfg = Debug|Any CPU
		{D59BA41B-F2BE-4DD4-8245-033B310A39BB}.Debug|x64.Build.0 = Debug|Any CPU
		{D59BA41B-F2BE-4DD4-8245-033B310A39BB}.Debug|x86.ActiveCfg = Debug|Any CPU
		{D59BA41B-F2BE-4DD4-8245-033B310A39BB}.Debug|x86.Build.0 = Debug|Any CPU
		{D59BA41B-F2BE-4DD4-8245-033B310A39BB}.Release|Any CPU.ActiveCfg = Release|Any CPU
		{D59BA41B-F2BE-4DD4-8245-033B310A39BB}.Release|Any CPU.Build.0 = Release|Any CPU
		{D59BA41B-F2BE-4DD4-8245-033B310A39BB}.Release|x64.ActiveCfg = Release|Any CPU
		{D59BA41B-F2BE-4DD4-8245-033B310A39BB}.Release|x64.Build.0 = Release|Any CPU
		{D59BA41B-F2BE-4DD4-8245-033B310A39BB}.Release|x86.ActiveCfg = Release|Any CPU
		{D59BA41B-F2BE-4DD4-8245-033B310A39BB}.Release|x86.Build.0 = Release|Any CPU
		{29415BAF-6F5F-4547-8132-AE6DF10AA9B3}.Debug|Any CPU.ActiveCfg = Debug|Any CPU
		{29415BAF-6F5F-4547-8132-AE6DF10AA9B3}.Debug|Any CPU.Build.0 = Debug|Any CPU
		{29415BAF-6F5F-4547-8132-AE6DF10AA9B3}.Debug|x64.ActiveCfg = Debug|Any CPU
		{29415BAF-6F5F-4547-8132-AE6DF10AA9B3}.Debug|x64.Build.0 = Debug|Any CPU
		{29415BAF-6F5F-4547-8132-AE6DF10AA9B3}.Debug|x86.ActiveCfg = Debug|Any CPU
		{29415BAF-6F5F-4547-8132-AE6DF10AA9B3}.Debug|x86.Build.0 = Debug|Any CPU
		{29415BAF-6F5F-4547-8132-AE6DF10AA9B3}.Release|Any CPU.ActiveCfg = Release|Any CPU
		{29415BAF-6F5F-4547-8132-AE6DF10AA9B3}.Release|Any CPU.Build.0 = Release|Any CPU
		{29415BAF-6F5F-4547-8132-AE6DF10AA9B3}.Release|x64.ActiveCfg = Release|Any CPU
		{29415BAF-6F5F-4547-8132-AE6DF10AA9B3}.Release|x64.Build.0 = Release|Any CPU
		{29415BAF-6F5F-4547-8132-AE6DF10AA9B3}.Release|x86.ActiveCfg = Release|Any CPU
		{29415BAF-6F5F-4547-8132-AE6DF10AA9B3}.Release|x86.Build.0 = Release|Any CPU
		{2A3FA347-85B2-4B8B-8065-784101945B80}.Debug|Any CPU.ActiveCfg = Debug|Any CPU
		{2A3FA347-85B2-4B8B-8065-784101945B80}.Debug|Any CPU.Build.0 = Debug|Any CPU
		{2A3FA347-85B2-4B8B-8065-784101945B80}.Debug|x64.ActiveCfg = Debug|Any CPU
		{2A3FA347-85B2-4B8B-8065-784101945B80}.Debug|x64.Build.0 = Debug|Any CPU
		{2A3FA347-85B2-4B8B-8065-784101945B80}.Debug|x86.ActiveCfg = Debug|Any CPU
		{2A3FA347-85B2-4B8B-8065-784101945B80}.Debug|x86.Build.0 = Debug|Any CPU
		{2A3FA347-85B2-4B8B-8065-784101945B80}.Release|Any CPU.ActiveCfg = Release|Any CPU
		{2A3FA347-85B2-4B8B-8065-784101945B80}.Release|Any CPU.Build.0 = Release|Any CPU
		{2A3FA347-85B2-4B8B-8065-784101945B80}.Release|x64.ActiveCfg = Release|Any CPU
		{2A3FA347-85B2-4B8B-8065-784101945B80}.Release|x64.Build.0 = Release|Any CPU
		{2A3FA347-85B2-4B8B-8065-784101945B80}.Release|x86.ActiveCfg = Release|Any CPU
		{2A3FA347-85B2-4B8B-8065-784101945B80}.Release|x86.Build.0 = Release|Any CPU
		{84289C0C-3CFF-4F21-B236-61F232183AEF}.Debug|Any CPU.ActiveCfg = Debug|Any CPU
		{84289C0C-3CFF-4F21-B236-61F232183AEF}.Debug|Any CPU.Build.0 = Debug|Any CPU
		{84289C0C-3CFF-4F21-B236-61F232183AEF}.Debug|x64.ActiveCfg = Debug|Any CPU
		{84289C0C-3CFF-4F21-B236-61F232183AEF}.Debug|x64.Build.0 = Debug|Any CPU
		{84289C0C-3CFF-4F21-B236-61F232183AEF}.Debug|x86.ActiveCfg = Debug|Any CPU
		{84289C0C-3CFF-4F21-B236-61F232183AEF}.Debug|x86.Build.0 = Debug|Any CPU
		{84289C0C-3CFF-4F21-B236-61F232183AEF}.Release|Any CPU.ActiveCfg = Release|Any CPU
		{84289C0C-3CFF-4F21-B236-61F232183AEF}.Release|Any CPU.Build.0 = Release|Any CPU
		{84289C0C-3CFF-4F21-B236-61F232183AEF}.Release|x64.ActiveCfg = Release|Any CPU
		{84289C0C-3CFF-4F21-B236-61F232183AEF}.Release|x64.Build.0 = Release|Any CPU
		{84289C0C-3CFF-4F21-B236-61F232183AEF}.Release|x86.ActiveCfg = Release|Any CPU
		{84289C0C-3CFF-4F21-B236-61F232183AEF}.Release|x86.Build.0 = Release|Any CPU
		{280A447A-18A7-4E7E-87DE-051929BD0569}.Debug|Any CPU.ActiveCfg = Debug|Any CPU
		{280A447A-18A7-4E7E-87DE-051929BD0569}.Debug|Any CPU.Build.0 = Debug|Any CPU
		{280A447A-18A7-4E7E-87DE-051929BD0569}.Debug|x64.ActiveCfg = Debug|Any CPU
		{280A447A-18A7-4E7E-87DE-051929BD0569}.Debug|x64.Build.0 = Debug|Any CPU
		{280A447A-18A7-4E7E-87DE-051929BD0569}.Debug|x86.ActiveCfg = Debug|Any CPU
		{280A447A-18A7-4E7E-87DE-051929BD0569}.Debug|x86.Build.0 = Debug|Any CPU
		{280A447A-18A7-4E7E-87DE-051929BD0569}.Release|Any CPU.ActiveCfg = Release|Any CPU
		{280A447A-18A7-4E7E-87DE-051929BD0569}.Release|Any CPU.Build.0 = Release|Any CPU
		{280A447A-18A7-4E7E-87DE-051929BD0569}.Release|x64.ActiveCfg = Release|Any CPU
		{280A447A-18A7-4E7E-87DE-051929BD0569}.Release|x64.Build.0 = Release|Any CPU
		{280A447A-18A7-4E7E-87DE-051929BD0569}.Release|x86.ActiveCfg = Release|Any CPU
		{280A447A-18A7-4E7E-87DE-051929BD0569}.Release|x86.Build.0 = Release|Any CPU
		{A31D5065-5180-45B7-B151-520330C0C101}.Debug|Any CPU.ActiveCfg = Debug|Any CPU
		{A31D5065-5180-45B7-B151-520330C0C101}.Debug|Any CPU.Build.0 = Debug|Any CPU
		{A31D5065-5180-45B7-B151-520330C0C101}.Debug|x64.ActiveCfg = Debug|Any CPU
		{A31D5065-5180-45B7-B151-520330C0C101}.Debug|x64.Build.0 = Debug|Any CPU
		{A31D5065-5180-45B7-B151-520330C0C101}.Debug|x86.ActiveCfg = Debug|Any CPU
		{A31D5065-5180-45B7-B151-520330C0C101}.Debug|x86.Build.0 = Debug|Any CPU
		{A31D5065-5180-45B7-B151-520330C0C101}.Release|Any CPU.ActiveCfg = Release|Any CPU
		{A31D5065-5180-45B7-B151-520330C0C101}.Release|Any CPU.Build.0 = Release|Any CPU
		{A31D5065-5180-45B7-B151-520330C0C101}.Release|x64.ActiveCfg = Release|Any CPU
		{A31D5065-5180-45B7-B151-520330C0C101}.Release|x64.Build.0 = Release|Any CPU
		{A31D5065-5180-45B7-B151-520330C0C101}.Release|x86.ActiveCfg = Release|Any CPU
		{A31D5065-5180-45B7-B151-520330C0C101}.Release|x86.Build.0 = Release|Any CPU
	EndGlobalSection
	GlobalSection(SolutionProperties) = preSolution
		HideSolutionNode = FALSE
	EndGlobalSection
EndGlobal
